
Microsoft Visual Studio Solution File, Format Version 12.00
# Visual Studio 15
VisualStudioVersion = 15.0.28010.2026
MinimumVisualStudioVersion = 10.0.40219.1
Project("{FAE04EC0-301F-11D3-BF4B-00C04F79EFBC}") = "WebProject", "WebProject\WebProject.csproj", "{7796F68E-4D92-4C3C-9721-5F962A3B508E}"
EndProject
Global
	GlobalSection(SolutionConfigurationPlatforms) = preSolution
		Debug|Any CPU = Debug|Any CPU
		Release|Any CPU = Release|Any CPU
	EndGlobalSection
	GlobalSection(ProjectConfigurationPlatforms) = postSolution
		{7796F68E-4D92-4C3C-9721-5F962A3B508E}.Debug|Any CPU.ActiveCfg = Debug|Any CPU
		{7796F68E-4D92-4C3C-9721-5F962A3B508E}.Debug|Any CPU.Build.0 = Debug|Any CPU
		{7796F68E-4D92-4C3C-9721-5F962A3B508E}.Release|Any CPU.ActiveCfg = Release|Any CPU
		{7796F68E-4D92-4C3C-9721-5F962A3B508E}.Release|Any CPU.Build.0 = Release|Any CPU
	EndGlobalSection
	GlobalSection(SolutionProperties) = preSolution
		HideSolutionNode = FALSE
	EndGlobalSection
	GlobalSection(ExtensibilityGlobals) = postSolution
		SolutionGuid = {8E4DFB61-2C12-4EF6-97A9-5CE45F477B08}
	EndGlobalSection
EndGlobal
